
Microsoft Visual Studio Solution File, Format Version 12.00
# Visual Studio Version 17
VisualStudioVersion = 17.0.31903.59
MinimumVisualStudioVersion = 10.0.40219.1
Project("{9A19103F-16F7-4668-BE54-9A1E7A4F7556}") = "DotnetDebug", "src\DotnetDebug\DotnetDebug.csproj", "{37777D71-F3C0-43C1-852F-CA05388826C2}"
EndProject
Project("{9A19103F-16F7-4668-BE54-9A1E7A4F7556}") = "DotnetDebug.Tests", "tests\DotnetDebug.Tests\DotnetDebug.Tests.csproj", "{121267DE-A771-4FB9-BE74-C178E35FAABE}"
EndProject
Project("{2150E333-8FDC-42A3-9474-1A3956D46DE8}") = "src", "src", "{827E0CD3-B72D-47B6-A68D-7590B98EB39B}"
EndProject
Project("{FAE04EC0-301F-11D3-BF4B-00C04F79EFBC}") = "DotnetDebug.Core", "src\DotnetDebug.Core\DotnetDebug.Core.csproj", "{458EA032-87AF-4837-8566-E855D3B23868}"
EndProject
Project("{FAE04EC0-301F-11D3-BF4B-00C04F79EFBC}") = "DotnetDebug.Avalonia", "src\DotnetDebug.Avalonia\DotnetDebug.Avalonia.csproj", "{170DE045-508C-4EFE-90E8-998D9EECCBFD}"
EndProject
Project("{2150E333-8FDC-42A3-9474-1A3956D46DE8}") = "tests", "tests", "{0AB3BF05-4346-4AA6-1389-037BE0695223}"
EndProject
Project("{FAE04EC0-301F-11D3-BF4B-00C04F79EFBC}") = "DotnetDebug.UiTests.FlaUI", "tests\DotnetDebug.UiTests.FlaUI\DotnetDebug.UiTests.FlaUI.csproj", "{27A1A160-D7D5-4AD5-B78C-8C72E6C0D298}"
EndProject
Project("{FAE04EC0-301F-11D3-BF4B-00C04F79EFBC}") = "DotnetDebug.UiTests.UIAutomationTestKit", "tests\DotnetDebug.UiTests.UIAutomationTestKit\DotnetDebug.UiTests.UIAutomationTestKit.csproj", "{35FDD3D3-B108-4238-8FAD-FDAE9C1D59D5}"
EndProject
Project("{FAE04EC0-301F-11D3-BF4B-00C04F79EFBC}") = "FlaUI.EasyUse", "src\FlaUI.EasyUse\FlaUI.EasyUse.csproj", "{0B74C4FC-0716-478C-8303-173E038802CC}"
EndProject
Project("{FAE04EC0-301F-11D3-BF4B-00C04F79EFBC}") = "FlaUI.EasyUse.TUnit", "src\FlaUI.EasyUse.TUnit\FlaUI.EasyUse.TUnit.csproj", "{9D901A1A-E65B-4F07-9EA6-D3B0E7AF44F5}"
EndProject
Project("{FAE04EC0-301F-11D3-BF4B-00C04F79EFBC}") = "DotnetDebug.UiTests.Avalonia.Headless", "tests\DotnetDebug.UiTests.Avalonia.Headless\DotnetDebug.UiTests.Avalonia.Headless.csproj", "{4D7A33CC-C7E1-417C-8B22-AD6B25D97C57}"
EndProject
Global
	GlobalSection(SolutionConfigurationPlatforms) = preSolution
		Debug|Any CPU = Debug|Any CPU
		Debug|x64 = Debug|x64
		Debug|x86 = Debug|x86
		Release|Any CPU = Release|Any CPU
		Release|x64 = Release|x64
		Release|x86 = Release|x86
	EndGlobalSection
	GlobalSection(ProjectConfigurationPlatforms) = postSolution
		{37777D71-F3C0-43C1-852F-CA05388826C2}.Debug|Any CPU.ActiveCfg = Debug|Any CPU
		{37777D71-F3C0-43C1-852F-CA05388826C2}.Debug|Any CPU.Build.0 = Debug|Any CPU
		{37777D71-F3C0-43C1-852F-CA05388826C2}.Debug|x64.ActiveCfg = Debug|Any CPU
		{37777D71-F3C0-43C1-852F-CA05388826C2}.Debug|x64.Build.0 = Debug|Any CPU
		{37777D71-F3C0-43C1-852F-CA05388826C2}.Debug|x86.ActiveCfg = Debug|Any CPU
		{37777D71-F3C0-43C1-852F-CA05388826C2}.Debug|x86.Build.0 = Debug|Any CPU
		{37777D71-F3C0-43C1-852F-CA05388826C2}.Release|Any CPU.ActiveCfg = Release|Any CPU
		{37777D71-F3C0-43C1-852F-CA05388826C2}.Release|Any CPU.Build.0 = Release|Any CPU
		{37777D71-F3C0-43C1-852F-CA05388826C2}.Release|x64.ActiveCfg = Release|Any CPU
		{37777D71-F3C0-43C1-852F-CA05388826C2}.Release|x64.Build.0 = Release|Any CPU
		{37777D71-F3C0-43C1-852F-CA05388826C2}.Release|x86.ActiveCfg = Release|Any CPU
		{37777D71-F3C0-43C1-852F-CA05388826C2}.Release|x86.Build.0 = Release|Any CPU
		{121267DE-A771-4FB9-BE74-C178E35FAABE}.Debug|Any CPU.ActiveCfg = Debug|Any CPU
		{121267DE-A771-4FB9-BE74-C178E35FAABE}.Debug|Any CPU.Build.0 = Debug|Any CPU
		{121267DE-A771-4FB9-BE74-C178E35FAABE}.Debug|x64.ActiveCfg = Debug|Any CPU
		{121267DE-A771-4FB9-BE74-C178E35FAABE}.Debug|x64.Build.0 = Debug|Any CPU
		{121267DE-A771-4FB9-BE74-C178E35FAABE}.Debug|x86.ActiveCfg = Debug|Any CPU
		{121267DE-A771-4FB9-BE74-C178E35FAABE}.Debug|x86.Build.0 = Debug|Any CPU
		{121267DE-A771-4FB9-BE74-C178E35FAABE}.Release|Any CPU.ActiveCfg = Release|Any CPU
		{121267DE-A771-4FB9-BE74-C178E35FAABE}.Release|Any CPU.Build.0 = Release|Any CPU
		{121267DE-A771-4FB9-BE74-C178E35FAABE}.Release|x64.ActiveCfg = Release|Any CPU
		{121267DE-A771-4FB9-BE74-C178E35FAABE}.Release|x64.Build.0 = Release|Any CPU
		{121267DE-A771-4FB9-BE74-C178E35FAABE}.Release|x86.ActiveCfg = Release|Any CPU
		{121267DE-A771-4FB9-BE74-C178E35FAABE}.Release|x86.Build.0 = Release|Any CPU
		{458EA032-87AF-4837-8566-E855D3B23868}.Debug|Any CPU.ActiveCfg = Debug|Any CPU
		{458EA032-87AF-4837-8566-E855D3B23868}.Debug|Any CPU.Build.0 = Debug|Any CPU
		{458EA032-87AF-4837-8566-E855D3B23868}.Debug|x64.ActiveCfg = Debug|Any CPU
		{458EA032-87AF-4837-8566-E855D3B23868}.Debug|x64.Build.0 = Debug|Any CPU
		{458EA032-87AF-4837-8566-E855D3B23868}.Debug|x86.ActiveCfg = Debug|Any CPU
		{458EA032-87AF-4837-8566-E855D3B23868}.Debug|x86.Build.0 = Debug|Any CPU
		{458EA032-87AF-4837-8566-E855D3B23868}.Release|Any CPU.ActiveCfg = Release|Any CPU
		{458EA032-87AF-4837-8566-E855D3B23868}.Release|Any CPU.Build.0 = Release|Any CPU
		{458EA032-87AF-4837-8566-E855D3B23868}.Release|x64.ActiveCfg = Release|Any CPU
		{458EA032-87AF-4837-8566-E855D3B23868}.Release|x64.Build.0 = Release|Any CPU
		{458EA032-87AF-4837-8566-E855D3B23868}.Release|x86.ActiveCfg = Release|Any CPU
		{458EA032-87AF-4837-8566-E855D3B23868}.Release|x86.Build.0 = Release|Any CPU
		{170DE045-508C-4EFE-90E8-998D9EECCBFD}.Debug|Any CPU.ActiveCfg = Debug|Any CPU
		{170DE045-508C-4EFE-90E8-998D9EECCBFD}.Debug|Any CPU.Build.0 = Debug|Any CPU
		{170DE045-508C-4EFE-90E8-998D9EECCBFD}.Debug|x64.ActiveCfg = Debug|Any CPU
		{170DE045-508C-4EFE-90E8-998D9EECCBFD}.Debug|x64.Build.0 = Debug|Any CPU
		{170DE045-508C-4EFE-90E8-998D9EECCBFD}.Debug|x86.ActiveCfg = Debug|Any CPU
		{170DE045-508C-4EFE-90E8-998D9EECCBFD}.Debug|x86.Build.0 = Debug|Any CPU
		{170DE045-508C-4EFE-90E8-998D9EECCBFD}.Release|Any CPU.ActiveCfg = Release|Any CPU
		{170DE045-508C-4EFE-90E8-998D9EECCBFD}.Release|Any CPU.Build.0 = Release|Any CPU
		{170DE045-508C-4EFE-90E8-998D9EECCBFD}.Release|x64.ActiveCfg = Release|Any CPU
		{170DE045-508C-4EFE-90E8-998D9EECCBFD}.Release|x64.Build.0 = Release|Any CPU
		{170DE045-508C-4EFE-90E8-998D9EECCBFD}.Release|x86.ActiveCfg = Release|Any CPU
		{170DE045-508C-4EFE-90E8-998D9EECCBFD}.Release|x86.Build.0 = Release|Any CPU
		{27A1A160-D7D5-4AD5-B78C-8C72E6C0D298}.Debug|Any CPU.ActiveCfg = Debug|Any CPU
		{27A1A160-D7D5-4AD5-B78C-8C72E6C0D298}.Debug|Any CPU.Build.0 = Debug|Any CPU
		{27A1A160-D7D5-4AD5-B78C-8C72E6C0D298}.Debug|x64.ActiveCfg = Debug|Any CPU
		{27A1A160-D7D5-4AD5-B78C-8C72E6C0D298}.Debug|x64.Build.0 = Debug|Any CPU
		{27A1A160-D7D5-4AD5-B78C-8C72E6C0D298}.Debug|x86.ActiveCfg = Debug|Any CPU
		{27A1A160-D7D5-4AD5-B78C-8C72E6C0D298}.Debug|x86.Build.0 = Debug|Any CPU
		{27A1A160-D7D5-4AD5-B78C-8C72E6C0D298}.Release|Any CPU.ActiveCfg = Release|Any CPU
		{27A1A160-D7D5-4AD5-B78C-8C72E6C0D298}.Release|Any CPU.Build.0 = Release|Any CPU
		{27A1A160-D7D5-4AD5-B78C-8C72E6C0D298}.Release|x64.ActiveCfg = Release|Any CPU
		{27A1A160-D7D5-4AD5-B78C-8C72E6C0D298}.Release|x64.Build.0 = Release|Any CPU
		{27A1A160-D7D5-4AD5-B78C-8C72E6C0D298}.Release|x86.ActiveCfg = Release|Any CPU
		{27A1A160-D7D5-4AD5-B78C-8C72E6C0D298}.Release|x86.Build.0 = Release|Any CPU
		{35FDD3D3-B108-4238-8FAD-FDAE9C1D59D5}.Debug|Any CPU.ActiveCfg = Debug|Any CPU
		{35FDD3D3-B108-4238-8FAD-FDAE9C1D59D5}.Debug|Any CPU.Build.0 = Debug|Any CPU
		{35FDD3D3-B108-4238-8FAD-FDAE9C1D59D5}.Debug|x64.ActiveCfg = Debug|Any CPU
		{35FDD3D3-B108-4238-8FAD-FDAE9C1D59D5}.Debug|x64.Build.0 = Debug|Any CPU
		{35FDD3D3-B108-4238-8FAD-FDAE9C1D59D5}.Debug|x86.ActiveCfg = Debug|Any CPU
		{35FDD3D3-B108-4238-8FAD-FDAE9C1D59D5}.Debug|x86.Build.0 = Debug|Any CPU
		{35FDD3D3-B108-4238-8FAD-FDAE9C1D59D5}.Release|Any CPU.ActiveCfg = Release|Any CPU
		{35FDD3D3-B108-4238-8FAD-FDAE9C1D59D5}.Release|Any CPU.Build.0 = Release|Any CPU
		{35FDD3D3-B108-4238-8FAD-FDAE9C1D59D5}.Release|x64.ActiveCfg = Release|Any CPU
		{35FDD3D3-B108-4238-8FAD-FDAE9C1D59D5}.Release|x64.Build.0 = Release|Any CPU
		{35FDD3D3-B108-4238-8FAD-FDAE9C1D59D5}.Release|x86.ActiveCfg = Release|Any CPU
		{35FDD3D3-B108-4238-8FAD-FDAE9C1D59D5}.Release|x86.Build.0 = Release|Any CPU
		{0B74C4FC-0716-478C-8303-173E038802CC}.Debug|Any CPU.ActiveCfg = Debug|Any CPU
		{0B74C4FC-0716-478C-8303-173E038802CC}.Debug|Any CPU.Build.0 = Debug|Any CPU
		{0B74C4FC-0716-478C-8303-173E038802CC}.Debug|x64.ActiveCfg = Debug|Any CPU
		{0B74C4FC-0716-478C-8303-173E038802CC}.Debug|x64.Build.0 = Debug|Any CPU
		{0B74C4FC-0716-478C-8303-173E038802CC}.Debug|x86.ActiveCfg = Debug|Any CPU
		{0B74C4FC-0716-478C-8303-173E038802CC}.Debug|x86.Build.0 = Debug|Any CPU
		{0B74C4FC-0716-478C-8303-173E038802CC}.Release|Any CPU.ActiveCfg = Release|Any CPU
		{0B74C4FC-0716-478C-8303-173E038802CC}.Release|Any CPU.Build.0 = Release|Any CPU
		{0B74C4FC-0716-478C-8303-173E038802CC}.Release|x64.ActiveCfg = Release|Any CPU
		{0B74C4FC-0716-478C-8303-173E038802CC}.Release|x64.Build.0 = Release|Any CPU
		{0B74C4FC-0716-478C-8303-173E038802CC}.Release|x86.ActiveCfg = Release|Any CPU
		{0B74C4FC-0716-478C-8303-173E038802CC}.Release|x86.Build.0 = Release|Any CPU
		{9D901A1A-E65B-4F07-9EA6-D3B0E7AF44F5}.Debug|Any CPU.ActiveCfg = Debug|Any CPU
		{9D901A1A-E65B-4F07-9EA6-D3B0E7AF44F5}.Debug|Any CPU.Build.0 = Debug|Any CPU
		{9D901A1A-E65B-4F07-9EA6-D3B0E7AF44F5}.Debug|x64.ActiveCfg = Debug|Any CPU
		{9D901A1A-E65B-4F07-9EA6-D3B0E7AF44F5}.Debug|x64.Build.0 = Debug|Any CPU
		{9D901A1A-E65B-4F07-9EA6-D3B0E7AF44F5}.Debug|x86.ActiveCfg = Debug|Any CPU
		{9D901A1A-E65B-4F07-9EA6-D3B0E7AF44F5}.Debug|x86.Build.0 = Debug|Any CPU
		{9D901A1A-E65B-4F07-9EA6-D3B0E7AF44F5}.Release|Any CPU.ActiveCfg = Release|Any CPU
		{9D901A1A-E65B-4F07-9EA6-D3B0E7AF44F5}.Release|Any CPU.Build.0 = Release|Any CPU
		{9D901A1A-E65B-4F07-9EA6-D3B0E7AF44F5}.Release|x64.ActiveCfg = Release|Any CPU
		{9D901A1A-E65B-4F07-9EA6-D3B0E7AF44F5}.Release|x64.Build.0 = Release|Any CPU
		{9D901A1A-E65B-4F07-9EA6-D3B0E7AF44F5}.Release|x86.ActiveCfg = Release|Any CPU
		{9D901A1A-E65B-4F07-9EA6-D3B0E7AF44F5}.Release|x86.Build.0 = Release|Any CPU
		{4D7A33CC-C7E1-417C-8B22-AD6B25D97C57}.Debug|Any CPU.ActiveCfg = Debug|Any CPU
		{4D7A33CC-C7E1-417C-8B22-AD6B25D97C57}.Debug|Any CPU.Build.0 = Debug|Any CPU
		{4D7A33CC-C7E1-417C-8B22-AD6B25D97C57}.Debug|x64.ActiveCfg = Debug|Any CPU
		{4D7A33CC-C7E1-417C-8B22-AD6B25D97C57}.Debug|x64.Build.0 = Debug|Any CPU
		{4D7A33CC-C7E1-417C-8B22-AD6B25D97C57}.Debug|x86.ActiveCfg = Debug|Any CPU
		{4D7A33CC-C7E1-417C-8B22-AD6B25D97C57}.Debug|x86.Build.0 = Debug|Any CPU
		{4D7A33CC-C7E1-417C-8B22-AD6B25D97C57}.Release|Any CPU.ActiveCfg = Release|Any CPU
		{4D7A33CC-C7E1-417C-8B22-AD6B25D97C57}.Release|Any CPU.Build.0 = Release|Any CPU
		{4D7A33CC-C7E1-417C-8B22-AD6B25D97C57}.Release|x64.ActiveCfg = Release|Any CPU
		{4D7A33CC-C7E1-417C-8B22-AD6B25D97C57}.Release|x64.Build.0 = Release|Any CPU
		{4D7A33CC-C7E1-417C-8B22-AD6B25D97C57}.Release|x86.ActiveCfg = Release|Any CPU
		{4D7A33CC-C7E1-417C-8B22-AD6B25D97C57}.Release|x86.Build.0 = Release|Any CPU
	EndGlobalSection
	GlobalSection(SolutionProperties) = preSolution
		HideSolutionNode = FALSE
	EndGlobalSection
	GlobalSection(NestedProjects) = preSolution
		{458EA032-87AF-4837-8566-E855D3B23868} = {827E0CD3-B72D-47B6-A68D-7590B98EB39B}
		{170DE045-508C-4EFE-90E8-998D9EECCBFD} = {827E0CD3-B72D-47B6-A68D-7590B98EB39B}
		{27A1A160-D7D5-4AD5-B78C-8C72E6C0D298} = {0AB3BF05-4346-4AA6-1389-037BE0695223}
		{35FDD3D3-B108-4238-8FAD-FDAE9C1D59D5} = {0AB3BF05-4346-4AA6-1389-037BE0695223}
		{0B74C4FC-0716-478C-8303-173E038802CC} = {827E0CD3-B72D-47B6-A68D-7590B98EB39B}
		{9D901A1A-E65B-4F07-9EA6-D3B0E7AF44F5} = {827E0CD3-B72D-47B6-A68D-7590B98EB39B}
		{4D7A33CC-C7E1-417C-8B22-AD6B25D97C57} = {0AB3BF05-4346-4AA6-1389-037BE0695223}
	EndGlobalSection
EndGlobal
